
Microsoft Visual Studio Solution File, Format Version 12.00
# Visual Studio Version 16
VisualStudioVersion = 16.0.29519.87
MinimumVisualStudioVersion = 10.0.40219.1
Project("{FAE04EC0-301F-11D3-BF4B-00C04F79EFBC}") = "WebComboBox", "WebComboBox\WebComboBox.csproj", "{C1B2FF62-2747-4D93-AA21-CD6CFD10D6AF}"
EndProject
Project("{FAE04EC0-301F-11D3-BF4B-00C04F79EFBC}") = "Demo", "Demo\Demo.csproj", "{438D26CE-2EFC-4845-9D48-57DB621820A2}"
EndProject
Global
	GlobalSection(SolutionConfigurationPlatforms) = preSolution
		Debug|Any CPU = Debug|Any CPU
		Release|Any CPU = Release|Any CPU
	EndGlobalSection
	GlobalSection(ProjectConfigurationPlatforms) = postSolution
		{C1B2FF62-2747-4D93-AA21-CD6CFD10D6AF}.Debug|Any CPU.ActiveCfg = Debug|Any CPU
		{C1B2FF62-2747-4D93-AA21-CD6CFD10D6AF}.Debug|Any CPU.Build.0 = Debug|Any CPU
		{C1B2FF62-2747-4D93-AA21-CD6CFD10D6AF}.Release|Any CPU.ActiveCfg = Release|Any CPU
		{C1B2FF62-2747-4D93-AA21-CD6CFD10D6AF}.Release|Any CPU.Build.0 = Release|Any CPU
		{438D26CE-2EFC-4845-9D48-57DB621820A2}.Debug|Any CPU.ActiveCfg = Debug|Any CPU
		{438D26CE-2EFC-4845-9D48-57DB621820A2}.Debug|Any CPU.Build.0 = Debug|Any CPU
		{438D26CE-2EFC-4845-9D48-57DB621820A2}.Release|Any CPU.ActiveCfg = Release|Any CPU
		{438D26CE-2EFC-4845-9D48-57DB621820A2}.Release|Any CPU.Build.0 = Release|Any CPU
	EndGlobalSection
	GlobalSection(SolutionProperties) = preSolution
		HideSolutionNode = FALSE
	EndGlobalSection
	GlobalSection(ExtensibilityGlobals) = postSolution
		SolutionGuid = {4828BF7B-67DA-4940-A673-83DA6676B9D2}
	EndGlobalSection
EndGlobal
